// !$*UTF8*$!
{
	archiveVersion = 1;
	classes = {
	};
	objectVersion = 56;
	objects = {

/* Begin PBXBuildFile section */
		F13A668529E3CE48003E356D /* extensions.swift in Sources */ = {isa = PBXBuildFile; fileRef = F13A668429E3CE48003E356D /* extensions.swift */; };
		F13A668829E3CF9C003E356D /* WelcomeScreen.swift in Sources */ = {isa = PBXBuildFile; fileRef = F13A668729E3CF9C003E356D /* WelcomeScreen.swift */; };
		F13A668A29E3D855003E356D /* OnBoardingScreen.swift in Sources */ = {isa = PBXBuildFile; fileRef = F13A668929E3D855003E356D /* OnBoardingScreen.swift */; };
		F16AF6E629F7B0930028F2E9 /* CustomTabBar.swift in Sources */ = {isa = PBXBuildFile; fileRef = F16AF6E529F7B0930028F2E9 /* CustomTabBar.swift */; };
		F1777DB429ED2643001F0DF4 /* RegisterScreen.swift in Sources */ = {isa = PBXBuildFile; fileRef = F1777DB329ED2643001F0DF4 /* RegisterScreen.swift */; };
		F1777DB629ED3E98001F0DF4 /* Register2.swift in Sources */ = {isa = PBXBuildFile; fileRef = F1777DB529ED3E98001F0DF4 /* Register2.swift */; };
		F1777DB829ED425E001F0DF4 /* LoginScreen.swift in Sources */ = {isa = PBXBuildFile; fileRef = F1777DB729ED425E001F0DF4 /* LoginScreen.swift */; };
		F1CF476D29F8F749001DE848 /* NotificationScreen.swift in Sources */ = {isa = PBXBuildFile; fileRef = F1CF476C29F8F749001DE848 /* NotificationScreen.swift */; };
		F1CF476F29F90201001DE848 /* NotificationItems.swift in Sources */ = {isa = PBXBuildFile; fileRef = F1CF476E29F90201001DE848 /* NotificationItems.swift */; };
		F1CF477129F923E2001DE848 /* AppConstant.swift in Sources */ = {isa = PBXBuildFile; fileRef = F1CF477029F923E2001DE848 /* AppConstant.swift */; };
		F1E1EE5F29EE5C6E004E1B48 /* DashboardScreen.swift in Sources */ = {isa = PBXBuildFile; fileRef = F1E1EE5E29EE5C6E004E1B48 /* DashboardScreen.swift */; };
		F1E976EA29E2B015006A493E /* fitnesxApp.swift in Sources */ = {isa = PBXBuildFile; fileRef = F1E976E929E2B015006A493E /* fitnesxApp.swift */; };
		F1E976EC29E2B015006A493E /* ContentView.swift in Sources */ = {isa = PBXBuildFile; fileRef = F1E976EB29E2B015006A493E /* ContentView.swift */; };
		F1E976EE29E2B019006A493E /* Assets.xcassets in Resources */ = {isa = PBXBuildFile; fileRef = F1E976ED29E2B019006A493E /* Assets.xcassets */; };
		F1E976F129E2B019006A493E /* Preview Assets.xcassets in Resources */ = {isa = PBXBuildFile; fileRef = F1E976F029E2B019006A493E /* Preview Assets.xcassets */; };
/* End PBXBuildFile section */

/* Begin PBXFileReference section */
		F13A668429E3CE48003E356D /* extensions.swift */ = {isa = PBXFileReference; lastKnownFileType = sourcecode.swift; path = extensions.swift; sourceTree = "<group>"; };
		F13A668729E3CF9C003E356D /* WelcomeScreen.swift */ = {isa = PBXFileReference; lastKnownFileType = sourcecode.swift; path = WelcomeScreen.swift; sourceTree = "<group>"; };
		F13A668929E3D855003E356D /* OnBoardingScreen.swift */ = {isa = PBXFileReference; lastKnownFileType = sourcecode.swift; path = OnBoardingScreen.swift; sourceTree = "<group>"; };
		F16AF6E529F7B0930028F2E9 /* CustomTabBar.swift */ = {isa = PBXFileReference; lastKnownFileType = sourcecode.swift; path = CustomTabBar.swift; sourceTree = "<group>"; };
		F1777DB329ED2643001F0DF4 /* RegisterScreen.swift */ = {isa = PBXFileReference; lastKnownFileType = sourcecode.swift; path = RegisterScreen.swift; sourceTree = "<group>"; };
		F1777DB529ED3E98001F0DF4 /* Register2.swift */ = {isa = PBXFileReference; lastKnownFileType = sourcecode.swift; path = Register2.swift; sourceTree = "<group>"; };
		F1777DB729ED425E001F0DF4 /* LoginScreen.swift */ = {isa = PBXFileReference; lastKnownFileType = sourcecode.swift; path = LoginScreen.swift; sourceTree = "<group>"; };
		F1CF476C29F8F749001DE848 /* NotificationScreen.swift */ = {isa = PBXFileReference; lastKnownFileType = sourcecode.swift; path = NotificationScreen.swift; sourceTree = "<group>"; };
		F1CF476E29F90201001DE848 /* NotificationItems.swift */ = {isa = PBXFileReference; lastKnownFileType = sourcecode.swift; path = NotificationItems.swift; sourceTree = "<group>"; };
		F1CF477029F923E2001DE848 /* AppConstant.swift */ = {isa = PBXFileReference; lastKnownFileType = sourcecode.swift; path = AppConstant.swift; sourceTree = "<group>"; };
		F1E1EE5E29EE5C6E004E1B48 /* DashboardScreen.swift */ = {isa = PBXFileReference; lastKnownFileType = sourcecode.swift; path = DashboardScreen.swift; sourceTree = "<group>"; };
		F1E976E629E2B015006A493E /* fitnesx.app */ = {isa = PBXFileReference; explicitFileType = wrapper.application; includeInIndex = 0; path = fitnesx.app; sourceTree = BUILT_PRODUCTS_DIR; };
		F1E976E929E2B015006A493E /* fitnesxApp.swift */ = {isa = PBXFileReference; lastKnownFileType = sourcecode.swift; path = fitnesxApp.swift; sourceTree = "<group>"; };
		F1E976EB29E2B015006A493E /* ContentView.swift */ = {isa = PBXFileReference; lastKnownFileType = sourcecode.swift; path = ContentView.swift; sourceTree = "<group>"; };
		F1E976ED29E2B019006A493E /* Assets.xcassets */ = {isa = PBXFileReference; lastKnownFileType = folder.assetcatalog; path = Assets.xcassets; sourceTree = "<group>"; };
		F1E976F029E2B019006A493E /* Preview Assets.xcassets */ = {isa = PBXFileReference; lastKnownFileType = folder.assetcatalog; path = "Preview Assets.xcassets"; sourceTree = "<group>"; };
/* End PBXFileReference section */

/* Begin PBXFrameworksBuildPhase section */
		F1E976E329E2B015006A493E /* Frameworks */ = {
			isa = PBXFrameworksBuildPhase;
			buildActionMask = 2147483647;
			files = (
			);
			runOnlyForDeploymentPostprocessing = 0;
		};
/* End PBXFrameworksBuildPhase section */

/* Begin PBXGroup section */
		F13A668329E3CE10003E356D /* utils */ = {
			isa = PBXGroup;
			children = (
				F13A668429E3CE48003E356D /* extensions.swift */,
				F1CF477029F923E2001DE848 /* AppConstant.swift */,
			);
			path = utils;
			sourceTree = "<group>";
		};
		F13A668629E3CF53003E356D /* screens */ = {
			isa = PBXGroup;
			children = (
				F1CF476B29F8F72B001DE848 /* Notification */,
				F1E1EE5D29EE5C54004E1B48 /* Dashboard */,
				F1E1EE5C29EE5C22004E1B48 /* OnBoarding */,
				F1E1EE5B29EE5C0F004E1B48 /* Welcome */,
				F1777DB229ED2624001F0DF4 /* Auth */,
			);
			path = screens;
			sourceTree = "<group>";
		};
		F16AF6E429F7B0720028F2E9 /* CustomView */ = {
			isa = PBXGroup;
			children = (
				F16AF6E529F7B0930028F2E9 /* CustomTabBar.swift */,
			);
			path = CustomView;
			sourceTree = "<group>";
		};
		F1777DB229ED2624001F0DF4 /* Auth */ = {
			isa = PBXGroup;
			children = (
				F1777DB329ED2643001F0DF4 /* RegisterScreen.swift */,
				F1777DB529ED3E98001F0DF4 /* Register2.swift */,
				F1777DB729ED425E001F0DF4 /* LoginScreen.swift */,
			);
			path = Auth;
			sourceTree = "<group>";
		};
		F1CF476B29F8F72B001DE848 /* Notification */ = {
			isa = PBXGroup;
			children = (
				F1CF476C29F8F749001DE848 /* NotificationScreen.swift */,
				F1CF476E29F90201001DE848 /* NotificationItems.swift */,
			);
			path = Notification;
			sourceTree = "<group>";
		};
		F1E1EE5B29EE5C0F004E1B48 /* Welcome */ = {
			isa = PBXGroup;
			children = (
				F13A668729E3CF9C003E356D /* WelcomeScreen.swift */,
			);
			path = Welcome;
			sourceTree = "<group>";
		};
		F1E1EE5C29EE5C22004E1B48 /* OnBoarding */ = {
			isa = PBXGroup;
			children = (
				F13A668929E3D855003E356D /* OnBoardingScreen.swift */,
			);
			path = OnBoarding;
			sourceTree = "<group>";
		};
		F1E1EE5D29EE5C54004E1B48 /* Dashboard */ = {
			isa = PBXGroup;
			children = (
				F1E1EE5E29EE5C6E004E1B48 /* DashboardScreen.swift */,
			);
			path = Dashboard;
			sourceTree = "<group>";
		};
		F1E976DD29E2B014006A493E = {
			isa = PBXGroup;
			children = (
				F1E976E829E2B015006A493E /* fitnesx */,
				F1E976E729E2B015006A493E /* Products */,
			);
			sourceTree = "<group>";
		};
		F1E976E729E2B015006A493E /* Products */ = {
			isa = PBXGroup;
			children = (
				F1E976E629E2B015006A493E /* fitnesx.app */,
			);
			name = Products;
			sourceTree = "<group>";
		};
		F1E976E829E2B015006A493E /* fitnesx */ = {
			isa = PBXGroup;
			children = (
				F16AF6E429F7B0720028F2E9 /* CustomView */,
				F13A668629E3CF53003E356D /* screens */,
				F13A668329E3CE10003E356D /* utils */,
				F1E976E929E2B015006A493E /* fitnesxApp.swift */,
				F1E976EB29E2B015006A493E /* ContentView.swift */,
				F1E976ED29E2B019006A493E /* Assets.xcassets */,
				F1E976EF29E2B019006A493E /* Preview Content */,
			);
			path = fitnesx;
			sourceTree = "<group>";
		};
		F1E976EF29E2B019006A493E /* Preview Content */ = {
			isa = PBXGroup;
			children = (
				F1E976F029E2B019006A493E /* Preview Assets.xcassets */,
			);
			path = "Preview Content";
			sourceTree = "<group>";
		};
/* End PBXGroup section */

/* Begin PBXNativeTarget section */
		F1E976E529E2B015006A493E /* fitnesx */ = {
			isa = PBXNativeTarget;
			buildConfigurationList = F1E976F429E2B019006A493E /* Build configuration list for PBXNativeTarget "fitnesx" */;
			buildPhases = (
				F1E976E229E2B015006A493E /* Sources */,
				F1E976E329E2B015006A493E /* Frameworks */,
				F1E976E429E2B015006A493E /* Resources */,
			);
			buildRules = (
			);
			dependencies = (
			);
			name = fitnesx;
			productName = fitnesx;
			productReference = F1E976E629E2B015006A493E /* fitnesx.app */;
			productType = "com.apple.product-type.application";
		};
/* End PBXNativeTarget section */

/* Begin PBXProject section */
		F1E976DE29E2B014006A493E /* Project object */ = {
			isa = PBXProject;
			attributes = {
				BuildIndependentTargetsInParallel = 1;
				LastSwiftUpdateCheck = 1420;
				LastUpgradeCheck = 1420;
				TargetAttributes = {
					F1E976E529E2B015006A493E = {
						CreatedOnToolsVersion = 14.2;
					};
				};
			};
			buildConfigurationList = F1E976E129E2B014006A493E /* Build configuration list for PBXProject "fitnesx" */;
			compatibilityVersion = "Xcode 14.0";
			developmentRegion = en;
			hasScannedForEncodings = 0;
			knownRegions = (
				en,
				Base,
			);
			mainGroup = F1E976DD29E2B014006A493E;
			productRefGroup = F1E976E729E2B015006A493E /* Products */;
			projectDirPath = "";
			projectRoot = "";
			targets = (
				F1E976E529E2B015006A493E /* fitnesx */,
			);
		};
/* End PBXProject section */

/* Begin PBXResourcesBuildPhase section */
		F1E976E429E2B015006A493E /* Resources */ = {
			isa = PBXResourcesBuildPhase;
			buildActionMask = 2147483647;
			files = (
				F1E976F129E2B019006A493E /* Preview Assets.xcassets in Resources */,
				F1E976EE29E2B019006A493E /* Assets.xcassets in Resources */,
			);
			runOnlyForDeploymentPostprocessing = 0;
		};
/* End PBXResourcesBuildPhase section */

/* Begin PBXSourcesBuildPhase section */
		F1E976E229E2B015006A493E /* Sources */ = {
			isa = PBXSourcesBuildPhase;
			buildActionMask = 2147483647;
			files = (
				F1CF476D29F8F749001DE848 /* NotificationScreen.swift in Sources */,
				F1777DB429ED2643001F0DF4 /* RegisterScreen.swift in Sources */,
				F1E976EC29E2B015006A493E /* ContentView.swift in Sources */,
				F1E976EA29E2B015006A493E /* fitnesxApp.swift in Sources */,
				F1CF477129F923E2001DE848 /* AppConstant.swift in Sources */,
				F13A668829E3CF9C003E356D /* WelcomeScreen.swift in Sources */,
				F13A668529E3CE48003E356D /* extensions.swift in Sources */,
				F1777DB829ED425E001F0DF4 /* LoginScreen.swift in Sources */,
				F16AF6E629F7B0930028F2E9 /* CustomTabBar.swift in Sources */,
				F1777DB629ED3E98001F0DF4 /* Register2.swift in Sources */,
				F13A668A29E3D855003E356D /* OnBoardingScreen.swift in Sources */,
				F1E1EE5F29EE5C6E004E1B48 /* DashboardScreen.swift in Sources */,
				F1CF476F29F90201001DE848 /* NotificationItems.swift in Sources */,
			);
			runOnlyForDeploymentPostprocessing = 0;
		};
/* End PBXSourcesBuildPhase section */

/* Begin XCBuildConfiguration section */
		F1E976F229E2B019006A493E /* Debug */ = {
			isa = XCBuildConfiguration;
			buildSettings = {
				ALWAYS_SEARCH_USER_PATHS = NO;
				CLANG_ANALYZER_NONNULL = YES;
				CLANG_ANALYZER_NUMBER_OBJECT_CONVERSION = YES_AGGRESSIVE;
				CLANG_CXX_LANGUAGE_STANDARD = "gnu++20";
				CLANG_ENABLE_MODULES = YES;
				CLANG_ENABLE_OBJC_ARC = YES;
				CLANG_ENABLE_OBJC_WEAK = YES;
				CLANG_WARN_BLOCK_CAPTURE_AUTORELEASING = YES;
				CLANG_WARN_BOOL_CONVERSION = YES;
				CLANG_WARN_COMMA = YES;
				CLANG_WARN_CONSTANT_CONVERSION = YES;
				CLANG_WARN_DEPRECATED_OBJC_IMPLEMENTATIONS = YES;
				CLANG_WARN_DIRECT_OBJC_ISA_USAGE = YES_ERROR;
				CLANG_WARN_DOCUMENTATION_COMMENTS = YES;
				CLANG_WARN_EMPTY_BODY = YES;
				CLANG_WARN_ENUM_CONVERSION = YES;
				CLANG_WARN_INFINITE_RECURSION = YES;
				CLANG_WARN_INT_CONVERSION = YES;
				CLANG_WARN_NON_LITERAL_NULL_CONVERSION = YES;
				CLANG_WARN_OBJC_IMPLICIT_RETAIN_SELF = YES;
				CLANG_WARN_OBJC_LITERAL_CONVERSION = YES;
				CLANG_WARN_OBJC_ROOT_CLASS = YES_ERROR;
				CLANG_WARN_QUOTED_INCLUDE_IN_FRAMEWORK_HEADER = YES;
				CLANG_WARN_RANGE_LOOP_ANALYSIS = YES;
				CLANG_WARN_STRICT_PROTOTYPES = YES;
				CLANG_WARN_SUSPICIOUS_MOVE = YES;
				CLANG_WARN_UNGUARDED_AVAILABILITY = YES_AGGRESSIVE;
				CLANG_WARN_UNREACHABLE_CODE = YES;
				CLANG_WARN__DUPLICATE_METHOD_MATCH = YES;
				COPY_PHASE_STRIP = NO;
				DEBUG_INFORMATION_FORMAT = dwarf;
				ENABLE_STRICT_OBJC_MSGSEND = YES;
				ENABLE_TESTABILITY = YES;
				GCC_C_LANGUAGE_STANDARD = gnu11;
				GCC_DYNAMIC_NO_PIC = NO;
				GCC_NO_COMMON_BLOCKS = YES;
				GCC_OPTIMIZATION_LEVEL = 0;
				GCC_PREPROCESSOR_DEFINITIONS = (
					"DEBUG=1",
					"$(inherited)",
				);
				GCC_WARN_64_TO_32_BIT_CONVERSION = YES;
				GCC_WARN_ABOUT_RETURN_TYPE = YES_ERROR;
				GCC_WARN_UNDECLARED_SELECTOR = YES;
				GCC_WARN_UNINITIALIZED_AUTOS = YES_AGGRESSIVE;
				GCC_WARN_UNUSED_FUNCTION = YES;
				GCC_WARN_UNUSED_VARIABLE = YES;
				IPHONEOS_DEPLOYMENT_TARGET = 16.2;
				MTL_ENABLE_DEBUG_INFO = INCLUDE_SOURCE;
				MTL_FAST_MATH = YES;
				ONLY_ACTIVE_ARCH = YES;
				SDKROOT = iphoneos;
				SWIFT_ACTIVE_COMPILATION_CONDITIONS = DEBUG;
				SWIFT_OPTIMIZATION_LEVEL = "-Onone";
			};
			name = Debug;
		};
		F1E976F329E2B019006A493E /* Release */ = {
			isa = XCBuildConfiguration;
			buildSettings = {
				ALWAYS_SEARCH_USER_PATHS = NO;
				CLANG_ANALYZER_NONNULL = YES;
				CLANG_ANALYZER_NUMBER_OBJECT_CONVERSION = YES_AGGRESSIVE;
				CLANG_CXX_LANGUAGE_STANDARD = "gnu++20";
				CLANG_ENABLE_MODULES = YES;
				CLANG_ENABLE_OBJC_ARC = YES;
				CLANG_ENABLE_OBJC_WEAK = YES;
				CLANG_WARN_BLOCK_CAPTURE_AUTORELEASING = YES;
				CLANG_WARN_BOOL_CONVERSION = YES;
				CLANG_WARN_COMMA = YES;
				CLANG_WARN_CONSTANT_CONVERSION = YES;
				CLANG_WARN_DEPRECATED_OBJC_IMPLEMENTATIONS = YES;
				CLANG_WARN_DIRECT_OBJC_ISA_USAGE = YES_ERROR;
				CLANG_WARN_DOCUMENTATION_COMMENTS = YES;
				CLANG_WARN_EMPTY_BODY = YES;
				CLANG_WARN_ENUM_CONVERSION = YES;
				CLANG_WARN_INFINITE_RECURSION = YES;
				CLANG_WARN_INT_CONVERSION = YES;
				CLANG_WARN_NON_LITERAL_NULL_CONVERSION = YES;
				CLANG_WARN_OBJC_IMPLICIT_RETAIN_SELF = YES;
				CLANG_WARN_OBJC_LITERAL_CONVERSION = YES;
				CLANG_WARN_OBJC_ROOT_CLASS = YES_ERROR;
				CLANG_WARN_QUOTED_INCLUDE_IN_FRAMEWORK_HEADER = YES;
				CLANG_WARN_RANGE_LOOP_ANALYSIS = YES;
				CLANG_WARN_STRICT_PROTOTYPES = YES;
				CLANG_WARN_SUSPICIOUS_MOVE = YES;
				CLANG_WARN_UNGUARDED_AVAILABILITY = YES_AGGRESSIVE;
				CLANG_WARN_UNREACHABLE_CODE = YES;
				CLANG_WARN__DUPLICATE_METHOD_MATCH = YES;
				COPY_PHASE_STRIP = NO;
				DEBUG_INFORMATION_FORMAT = "dwarf-with-dsym";
				ENABLE_NS_ASSERTIONS = NO;
				ENABLE_STRICT_OBJC_MSGSEND = YES;
				GCC_C_LANGUAGE_STANDARD = gnu11;
				GCC_NO_COMMON_BLOCKS = YES;
				GCC_WARN_64_TO_32_BIT_CONVERSION = YES;
				GCC_WARN_ABOUT_RETURN_TYPE = YES_ERROR;
				GCC_WARN_UNDECLARED_SELECTOR = YES;
				GCC_WARN_UNINITIALIZED_AUTOS = YES_AGGRESSIVE;
				GCC_WARN_UNUSED_FUNCTION = YES;
				GCC_WARN_UNUSED_VARIABLE = YES;
				IPHONEOS_DEPLOYMENT_TARGET = 16.2;
				MTL_ENABLE_DEBUG_INFO = NO;
				MTL_FAST_MATH = YES;
				SDKROOT = iphoneos;
				SWIFT_COMPILATION_MODE = wholemodule;
				SWIFT_OPTIMIZATION_LEVEL = "-O";
				VALIDATE_PRODUCT = YES;
			};
			name = Release;
		};
		F1E976F529E2B019006A493E /* Debug */ = {
			isa = XCBuildConfiguration;
			buildSettings = {
				ASSETCATALOG_COMPILER_APPICON_NAME = AppIcon;
				ASSETCATALOG_COMPILER_GLOBAL_ACCENT_COLOR_NAME = AccentColor;
				CODE_SIGN_STYLE = Automatic;
				CURRENT_PROJECT_VERSION = 1;
				DEVELOPMENT_ASSET_PATHS = "\"fitnesx/Preview Content\"";
				DEVELOPMENT_TEAM = 4DLX49A58J;
				ENABLE_PREVIEWS = YES;
				GENERATE_INFOPLIST_FILE = YES;
				INFOPLIST_KEY_CFBundleDisplayName = FitnessX;
				INFOPLIST_KEY_UIApplicationSceneManifest_Generation = YES;
				INFOPLIST_KEY_UIApplicationSupportsIndirectInputEvents = YES;
				INFOPLIST_KEY_UILaunchScreen_Generation = YES;
				INFOPLIST_KEY_UISupportedInterfaceOrientations_iPad = "UIInterfaceOrientationPortrait UIInterfaceOrientationPortraitUpsideDown UIInterfaceOrientationLandscapeLeft UIInterfaceOrientationLandscapeRight";
				INFOPLIST_KEY_UISupportedInterfaceOrientations_iPhone = "UIInterfaceOrientationPortrait UIInterfaceOrientationLandscapeLeft UIInterfaceOrientationLandscapeRight";
				IPHONEOS_DEPLOYMENT_TARGET = 13.0;
				LD_RUNPATH_SEARCH_PATHS = (
					"$(inherited)",
					"@executable_path/Frameworks",
				);
				MARKETING_VERSION = 1.0;
				PRODUCT_BUNDLE_IDENTIFIER = com.tonujewel.fitnesx;
				PRODUCT_NAME = "$(TARGET_NAME)";
				SWIFT_EMIT_LOC_STRINGS = YES;
				SWIFT_VERSION = 5.0;
				TARGETED_DEVICE_FAMILY = "1,2";
			};
			name = Debug;
		};
		F1E976F629E2B019006A493E /* Release */ = {
			isa = XCBuildConfiguration;
			buildSettings = {
				ASSETCATALOG_COMPILER_APPICON_NAME = AppIcon;
				ASSETCATALOG_COMPILER_GLOBAL_ACCENT_COLOR_NAME = AccentColor;
				CODE_SIGN_STYLE = Automatic;
				CURRENT_PROJECT_VERSION = 1;
				DEVELOPMENT_ASSET_PATHS = "\"fitnesx/Preview Content\"";
				DEVELOPMENT_TEAM = 4DLX49A58J;
				ENABLE_PREVIEWS = YES;
				GENERATE_INFOPLIST_FILE = YES;
				INFOPLIST_KEY_CFBundleDisplayName = FitnessX;
				INFOPLIST_KEY_UIApplicationSceneManifest_Generation = YES;
				INFOPLIST_KEY_UIApplicationSupportsIndirectInputEvents = YES;
				INFOPLIST_KEY_UILaunchScreen_Generation = YES;
				INFOPLIST_KEY_UISupportedInterfaceOrientations_iPad = "UIInterfaceOrientationPortrait UIInterfaceOrientationPortraitUpsideDown UIInterfaceOrientationLandscapeLeft UIInterfaceOrientationLandscapeRight";
				INFOPLIST_KEY_UISupportedInterfaceOrientations_iPhone = "UIInterfaceOrientationPortrait UIInterfaceOrientationLandscapeLeft UIInterfaceOrientationLandscapeRight";
				IPHONEOS_DEPLOYMENT_TARGET = 13.0;
				LD_RUNPATH_SEARCH_PATHS = (
					"$(inherited)",
					"@executable_path/Frameworks",
				);
				MARKETING_VERSION = 1.0;
				PRODUCT_BUNDLE_IDENTIFIER = com.tonujewel.fitnesx;
				PRODUCT_NAME = "$(TARGET_NAME)";
				SWIFT_EMIT_LOC_STRINGS = YES;
				SWIFT_VERSION = 5.0;
				TARGETED_DEVICE_FAMILY = "1,2";
			};
			name = Release;
		};
/* End XCBuildConfiguration section */

/* Begin XCConfigurationList section */
		F1E976E129E2B014006A493E /* Build configuration list for PBXProject "fitnesx" */ = {
			isa = XCConfigurationList;
			buildConfigurations = (
				F1E976F229E2B019006A493E /* Debug */,
				F1E976F329E2B019006A493E /* Release */,
			);
			defaultConfigurationIsVisible = 0;
			defaultConfigurationName = Release;
		};
		F1E976F429E2B019006A493E /* Build configuration list for PBXNativeTarget "fitnesx" */ = {
			isa = XCConfigurationList;
			buildConfigurations = (
				F1E976F529E2B019006A493E /* Debug */,
				F1E976F629E2B019006A493E /* Release */,
			);
			defaultConfigurationIsVisible = 0;
			defaultConfigurationName = Release;
		};
/* End XCConfigurationList section */
	};
	rootObject = F1E976DE29E2B014006A493E /* Project object */;
}
